// !$*UTF8*$!
{
	archiveVersion = 1;
	classes = {
	};
	objectVersion = 50;
	objects = {

/* Begin PBXBuildFile section */
		9419426C2832A0F8006352E0 /* AppDelegate.swift in Sources */ = {isa = PBXBuildFile; fileRef = 9419426B2832A0F8006352E0 /* AppDelegate.swift */; };
		9419426E2832A0F8006352E0 /* SceneDelegate.swift in Sources */ = {isa = PBXBuildFile; fileRef = 9419426D2832A0F8006352E0 /* SceneDelegate.swift */; };
		941942702832A0F8006352E0 /* ViewController.swift in Sources */ = {isa = PBXBuildFile; fileRef = 9419426F2832A0F8006352E0 /* ViewController.swift */; };
		941942732832A0F8006352E0 /* Main.storyboard in Resources */ = {isa = PBXBuildFile; fileRef = 941942712832A0F8006352E0 /* Main.storyboard */; };
		941942752832A0F9006352E0 /* Assets.xcassets in Resources */ = {isa = PBXBuildFile; fileRef = 941942742832A0F9006352E0 /* Assets.xcassets */; };
		941942782832A0F9006352E0 /* LaunchScreen.storyboard in Resources */ = {isa = PBXBuildFile; fileRef = 941942762832A0F9006352E0 /* LaunchScreen.storyboard */; };
		941942832832A0F9006352E0 /* StoryboardTests.swift in Sources */ = {isa = PBXBuildFile; fileRef = 941942822832A0F9006352E0 /* StoryboardTests.swift */; };
		9419428E2832A0F9006352E0 /* StoryboardUITests.swift in Sources */ = {isa = PBXBuildFile; fileRef = 9419428D2832A0F9006352E0 /* StoryboardUITests.swift */; };
		94D98519283521B8009671FA /* Main5.storyboard in Resources */ = {isa = PBXBuildFile; fileRef = 94D98518283521B8009671FA /* Main5.storyboard */; };
/* End PBXBuildFile section */

/* Begin PBXContainerItemProxy section */
		9419427F2832A0F9006352E0 /* PBXContainerItemProxy */ = {
			isa = PBXContainerItemProxy;
			containerPortal = 941942602832A0F8006352E0 /* Project object */;
			proxyType = 1;
			remoteGlobalIDString = 941942672832A0F8006352E0;
			remoteInfo = Storyboard;
		};
		9419428A2832A0F9006352E0 /* PBXContainerItemProxy */ = {
			isa = PBXContainerItemProxy;
			containerPortal = 941942602832A0F8006352E0 /* Project object */;
			proxyType = 1;
			remoteGlobalIDString = 941942672832A0F8006352E0;
			remoteInfo = Storyboard;
		};
/* End PBXContainerItemProxy section */

/* Begin PBXFileReference section */
		941942682832A0F8006352E0 /* Storyboard.app */ = {isa = PBXFileReference; explicitFileType = wrapper.application; includeInIndex = 0; path = Storyboard.app; sourceTree = BUILT_PRODUCTS_DIR; };
		9419426B2832A0F8006352E0 /* AppDelegate.swift */ = {isa = PBXFileReference; lastKnownFileType = sourcecode.swift; path = AppDelegate.swift; sourceTree = "<group>"; };
		9419426D2832A0F8006352E0 /* SceneDelegate.swift */ = {isa = PBXFileReference; lastKnownFileType = sourcecode.swift; path = SceneDelegate.swift; sourceTree = "<group>"; };
		9419426F2832A0F8006352E0 /* ViewController.swift */ = {isa = PBXFileReference; lastKnownFileType = sourcecode.swift; path = ViewController.swift; sourceTree = "<group>"; };
		941942722832A0F8006352E0 /* Base */ = {isa = PBXFileReference; lastKnownFileType = file.storyboard; name = Base; path = Base.lproj/Main.storyboard; sourceTree = "<group>"; };
		941942742832A0F9006352E0 /* Assets.xcassets */ = {isa = PBXFileReference; lastKnownFileType = folder.assetcatalog; path = Assets.xcassets; sourceTree = "<group>"; };
		941942772832A0F9006352E0 /* Base */ = {isa = PBXFileReference; lastKnownFileType = file.storyboard; name = Base; path = Base.lproj/LaunchScreen.storyboard; sourceTree = "<group>"; };
		941942792832A0F9006352E0 /* Info.plist */ = {isa = PBXFileReference; lastKnownFileType = text.plist.xml; path = Info.plist; sourceTree = "<group>"; };
		9419427E2832A0F9006352E0 /* StoryboardTests.xctest */ = {isa = PBXFileReference; explicitFileType = wrapper.cfbundle; includeInIndex = 0; path = StoryboardTests.xctest; sourceTree = BUILT_PRODUCTS_DIR; };
		941942822832A0F9006352E0 /* StoryboardTests.swift */ = {isa = PBXFileReference; lastKnownFileType = sourcecode.swift; path = StoryboardTests.swift; sourceTree = "<group>"; };
		941942842832A0F9006352E0 /* Info.plist */ = {isa = PBXFileReference; lastKnownFileType = text.plist.xml; path = Info.plist; sourceTree = "<group>"; };
		941942892832A0F9006352E0 /* StoryboardUITests.xctest */ = {isa = PBXFileReference; explicitFileType = wrapper.cfbundle; includeInIndex = 0; path = StoryboardUITests.xctest; sourceTree = BUILT_PRODUCTS_DIR; };
		9419428D2832A0F9006352E0 /* StoryboardUITests.swift */ = {isa = PBXFileReference; lastKnownFileType = sourcecode.swift; path = StoryboardUITests.swift; sourceTree = "<group>"; };
		9419428F2832A0F9006352E0 /* Info.plist */ = {isa = PBXFileReference; lastKnownFileType = text.plist.xml; path = Info.plist; sourceTree = "<group>"; };
		94D98518283521B8009671FA /* Main5.storyboard */ = {isa = PBXFileReference; fileEncoding = 4; lastKnownFileType = file.storyboard; path = Main5.storyboard; sourceTree = "<group>"; };
/* End PBXFileReference section */

/* Begin PBXFrameworksBuildPhase section */
		941942652832A0F8006352E0 /* Frameworks */ = {
			isa = PBXFrameworksBuildPhase;
			buildActionMask = 2147483647;
			files = (
			);
			runOnlyForDeploymentPostprocessing = 0;
		};
		9419427B2832A0F9006352E0 /* Frameworks */ = {
			isa = PBXFrameworksBuildPhase;
			buildActionMask = 2147483647;
			files = (
			);
			runOnlyForDeploymentPostprocessing = 0;
		};
		941942862832A0F9006352E0 /* Frameworks */ = {
			isa = PBXFrameworksBuildPhase;
			buildActionMask = 2147483647;
			files = (
			);
			runOnlyForDeploymentPostprocessing = 0;
		};
/* End PBXFrameworksBuildPhase section */

/* Begin PBXGroup section */
		9419425F2832A0F8006352E0 = {
			isa = PBXGroup;
			children = (
				9419426A2832A0F8006352E0 /* Storyboard */,
				941942812832A0F9006352E0 /* StoryboardTests */,
				9419428C2832A0F9006352E0 /* StoryboardUITests */,
				941942692832A0F8006352E0 /* Products */,
			);
			sourceTree = "<group>";
		};
		941942692832A0F8006352E0 /* Products */ = {
			isa = PBXGroup;
			children = (
				941942682832A0F8006352E0 /* Storyboard.app */,
				9419427E2832A0F9006352E0 /* StoryboardTests.xctest */,
				941942892832A0F9006352E0 /* StoryboardUITests.xctest */,
			);
			name = Products;
			sourceTree = "<group>";
		};
		9419426A2832A0F8006352E0 /* Storyboard */ = {
			isa = PBXGroup;
			children = (
				9419426B2832A0F8006352E0 /* AppDelegate.swift */,
				9419426D2832A0F8006352E0 /* SceneDelegate.swift */,
				9419426F2832A0F8006352E0 /* ViewController.swift */,
				941942712832A0F8006352E0 /* Main.storyboard */,
				94D98518283521B8009671FA /* Main5.storyboard */,
				941942742832A0F9006352E0 /* Assets.xcassets */,
				941942762832A0F9006352E0 /* LaunchScreen.storyboard */,
				941942792832A0F9006352E0 /* Info.plist */,
			);
			path = Storyboard;
			sourceTree = "<group>";
		};
		941942812832A0F9006352E0 /* StoryboardTests */ = {
			isa = PBXGroup;
			children = (
				941942822832A0F9006352E0 /* StoryboardTests.swift */,
				941942842832A0F9006352E0 /* Info.plist */,
			);
			path = StoryboardTests;
			sourceTree = "<group>";
		};
		9419428C2832A0F9006352E0 /* StoryboardUITests */ = {
			isa = PBXGroup;
			children = (
				9419428D2832A0F9006352E0 /* StoryboardUITests.swift */,
				9419428F2832A0F9006352E0 /* Info.plist */,
			);
			path = StoryboardUITests;
			sourceTree = "<group>";
		};
/* End PBXGroup section */

/* Begin PBXNativeTarget section */
		941942672832A0F8006352E0 /* Storyboard */ = {
			isa = PBXNativeTarget;
			buildConfigurationList = 941942922832A0F9006352E0 /* Build configuration list for PBXNativeTarget "Storyboard" */;
			buildPhases = (
				941942642832A0F8006352E0 /* Sources */,
				941942652832A0F8006352E0 /* Frameworks */,
				941942662832A0F8006352E0 /* Resources */,
			);
			buildRules = (
			);
			dependencies = (
			);
			name = Storyboard;
			productName = Storyboard;
			productReference = 941942682832A0F8006352E0 /* Storyboard.app */;
			productType = "com.apple.product-type.application";
		};
		9419427D2832A0F9006352E0 /* StoryboardTests */ = {
			isa = PBXNativeTarget;
			buildConfigurationList = 941942952832A0F9006352E0 /* Build configuration list for PBXNativeTarget "StoryboardTests" */;
			buildPhases = (
				9419427A2832A0F9006352E0 /* Sources */,
				9419427B2832A0F9006352E0 /* Frameworks */,
				9419427C2832A0F9006352E0 /* Resources */,
			);
			buildRules = (
			);
			dependencies = (
				941942802832A0F9006352E0 /* PBXTargetDependency */,
			);
			name = StoryboardTests;
			productName = StoryboardTests;
			productReference = 9419427E2832A0F9006352E0 /* StoryboardTests.xctest */;
			productType = "com.apple.product-type.bundle.unit-test";
		};
		941942882832A0F9006352E0 /* StoryboardUITests */ = {
			isa = PBXNativeTarget;
			buildConfigurationList = 941942982832A0F9006352E0 /* Build configuration list for PBXNativeTarget "StoryboardUITests" */;
			buildPhases = (
				941942852832A0F9006352E0 /* Sources */,
				941942862832A0F9006352E0 /* Frameworks */,
				941942872832A0F9006352E0 /* Resources */,
			);
			buildRules = (
			);
			dependencies = (
				9419428B2832A0F9006352E0 /* PBXTargetDependency */,
			);
			name = StoryboardUITests;
			productName = StoryboardUITests;
			productReference = 941942892832A0F9006352E0 /* StoryboardUITests.xctest */;
			productType = "com.apple.product-type.bundle.ui-testing";
		};
/* End PBXNativeTarget section */

/* Begin PBXProject section */
		941942602832A0F8006352E0 /* Project object */ = {
			isa = PBXProject;
			attributes = {
				LastSwiftUpdateCheck = 1240;
				LastUpgradeCheck = 1240;
				TargetAttributes = {
					941942672832A0F8006352E0 = {
						CreatedOnToolsVersion = 12.4;
					};
					9419427D2832A0F9006352E0 = {
						CreatedOnToolsVersion = 12.4;
						TestTargetID = 941942672832A0F8006352E0;
					};
					941942882832A0F9006352E0 = {
						CreatedOnToolsVersion = 12.4;
						TestTargetID = 941942672832A0F8006352E0;
					};
				};
			};
			buildConfigurationList = 941942632832A0F8006352E0 /* Build configuration list for PBXProject "Storyboard" */;
			compatibilityVersion = "Xcode 9.3";
			developmentRegion = en;
			hasScannedForEncodings = 0;
			knownRegions = (
				en,
				Base,
			);
			mainGroup = 9419425F2832A0F8006352E0;
			productRefGroup = 941942692832A0F8006352E0 /* Products */;
			projectDirPath = "";
			projectRoot = "";
			targets = (
				941942672832A0F8006352E0 /* Storyboard */,
				9419427D2832A0F9006352E0 /* StoryboardTests */,
				941942882832A0F9006352E0 /* StoryboardUITests */,
			);
		};
/* End PBXProject section */

/* Begin PBXResourcesBuildPhase section */
		941942662832A0F8006352E0 /* Resources */ = {
			isa = PBXResourcesBuildPhase;
			buildActionMask = 2147483647;
			files = (
				941942782832A0F9006352E0 /* LaunchScreen.storyboard in Resources */,
				94D98519283521B8009671FA /* Main5.storyboard in Resources */,
				941942752832A0F9006352E0 /* Assets.xcassets in Resources */,
				941942732832A0F8006352E0 /* Main.storyboard in Resources */,
			);
			runOnlyForDeploymentPostprocessing = 0;
		};
		9419427C2832A0F9006352E0 /* Resources */ = {
			isa = PBXResourcesBuildPhase;
			buildActionMask = 2147483647;
			files = (
			);
			runOnlyForDeploymentPostprocessing = 0;
		};
		941942872832A0F9006352E0 /* Resources */ = {
			isa = PBXResourcesBuildPhase;
			buildActionMask = 2147483647;
			files = (
			);
			runOnlyForDeploymentPostprocessing = 0;
		};
/* End PBXResourcesBuildPhase section */

/* Begin PBXSourcesBuildPhase section */
		941942642832A0F8006352E0 /* Sources */ = {
			isa = PBXSourcesBuildPhase;
			buildActionMask = 2147483647;
			files = (
				941942702832A0F8006352E0 /* ViewController.swift in Sources */,
				9419426C2832A0F8006352E0 /* AppDelegate.swift in Sources */,
				9419426E2832A0F8006352E0 /* SceneDelegate.swift in Sources */,
			);
			runOnlyForDeploymentPostprocessing = 0;
		};
		9419427A2832A0F9006352E0 /* Sources */ = {
			isa = PBXSourcesBuildPhase;
			buildActionMask = 2147483647;
			files = (
				941942832832A0F9006352E0 /* StoryboardTests.swift in Sources */,
			);
			runOnlyForDeploymentPostprocessing = 0;
		};
		941942852832A0F9006352E0 /* Sources */ = {
			isa = PBXSourcesBuildPhase;
			buildActionMask = 2147483647;
			files = (
				9419428E2832A0F9006352E0 /* StoryboardUITests.swift in Sources */,
			);
			runOnlyForDeploymentPostprocessing = 0;
		};
/* End PBXSourcesBuildPhase section */

/* Begin PBXTargetDependency section */
		941942802832A0F9006352E0 /* PBXTargetDependency */ = {
			isa = PBXTargetDependency;
			target = 941942672832A0F8006352E0 /* Storyboard */;
			targetProxy = 9419427F2832A0F9006352E0 /* PBXContainerItemProxy */;
		};
		9419428B2832A0F9006352E0 /* PBXTargetDependency */ = {
			isa = PBXTargetDependency;
			target = 941942672832A0F8006352E0 /* Storyboard */;
			targetProxy = 9419428A2832A0F9006352E0 /* PBXContainerItemProxy */;
		};
/* End PBXTargetDependency section */

/* Begin PBXVariantGroup section */
		941942712832A0F8006352E0 /* Main.storyboard */ = {
			isa = PBXVariantGroup;
			children = (
				941942722832A0F8006352E0 /* Base */,
			);
			name = Main.storyboard;
			sourceTree = "<group>";
		};
		941942762832A0F9006352E0 /* LaunchScreen.storyboard */ = {
			isa = PBXVariantGroup;
			children = (
				941942772832A0F9006352E0 /* Base */,
			);
			name = LaunchScreen.storyboard;
			sourceTree = "<group>";
		};
/* End PBXVariantGroup section */

/* Begin XCBuildConfiguration section */
		941942902832A0F9006352E0 /* Debug */ = {
			isa = XCBuildConfiguration;
			buildSettings = {
				ALWAYS_SEARCH_USER_PATHS = NO;
				CLANG_ANALYZER_NONNULL = YES;
				CLANG_ANALYZER_NUMBER_OBJECT_CONVERSION = YES_AGGRESSIVE;
				CLANG_CXX_LANGUAGE_STANDARD = "gnu++14";
				CLANG_CXX_LIBRARY = "libc++";
				CLANG_ENABLE_MODULES = YES;
				CLANG_ENABLE_OBJC_ARC = YES;
				CLANG_ENABLE_OBJC_WEAK = YES;
				CLANG_WARN_BLOCK_CAPTURE_AUTORELEASING = YES;
				CLANG_WARN_BOOL_CONVERSION = YES;
				CLANG_WARN_COMMA = YES;
				CLANG_WARN_CONSTANT_CONVERSION = YES;
				CLANG_WARN_DEPRECATED_OBJC_IMPLEMENTATIONS = YES;
				CLANG_WARN_DIRECT_OBJC_ISA_USAGE = YES_ERROR;
				CLANG_WARN_DOCUMENTATION_COMMENTS = YES;
				CLANG_WARN_EMPTY_BODY = YES;
				CLANG_WARN_ENUM_CONVERSION = YES;
				CLANG_WARN_INFINITE_RECURSION = YES;
				CLANG_WARN_INT_CONVERSION = YES;
				CLANG_WARN_NON_LITERAL_NULL_CONVERSION = YES;
				CLANG_WARN_OBJC_IMPLICIT_RETAIN_SELF = YES;
				CLANG_WARN_OBJC_LITERAL_CONVERSION = YES;
				CLANG_WARN_OBJC_ROOT_CLASS = YES_ERROR;
				CLANG_WARN_QUOTED_INCLUDE_IN_FRAMEWORK_HEADER = YES;
				CLANG_WARN_RANGE_LOOP_ANALYSIS = YES;
				CLANG_WARN_STRICT_PROTOTYPES = YES;
				CLANG_WARN_SUSPICIOUS_MOVE = YES;
				CLANG_WARN_UNGUARDED_AVAILABILITY = YES_AGGRESSIVE;
				CLANG_WARN_UNREACHABLE_CODE = YES;
				CLANG_WARN__DUPLICATE_METHOD_MATCH = YES;
				COPY_PHASE_STRIP = NO;
				DEBUG_INFORMATION_FORMAT = dwarf;
				ENABLE_STRICT_OBJC_MSGSEND = YES;
				ENABLE_TESTABILITY = YES;
				GCC_C_LANGUAGE_STANDARD = gnu11;
				GCC_DYNAMIC_NO_PIC = NO;
				GCC_NO_COMMON_BLOCKS = YES;
				GCC_OPTIMIZATION_LEVEL = 0;
				GCC_PREPROCESSOR_DEFINITIONS = (
					"DEBUG=1",
					"$(inherited)",
				);
				GCC_WARN_64_TO_32_BIT_CONVERSION = YES;
				GCC_WARN_ABOUT_RETURN_TYPE = YES_ERROR;
				GCC_WARN_UNDECLARED_SELECTOR = YES;
				GCC_WARN_UNINITIALIZED_AUTOS = YES_AGGRESSIVE;
				GCC_WARN_UNUSED_FUNCTION = YES;
				GCC_WARN_UNUSED_VARIABLE = YES;
				IPHONEOS_DEPLOYMENT_TARGET = 14.4;
				MTL_ENABLE_DEBUG_INFO = INCLUDE_SOURCE;
				MTL_FAST_MATH = YES;
				ONLY_ACTIVE_ARCH = YES;
				SDKROOT = iphoneos;
				SWIFT_ACTIVE_COMPILATION_CONDITIONS = DEBUG;
				SWIFT_OPTIMIZATION_LEVEL = "-Onone";
			};
			name = Debug;
		};
		941942912832A0F9006352E0 /* Release */ = {
			isa = XCBuildConfiguration;
			buildSettings = {
				ALWAYS_SEARCH_USER_PATHS = NO;
				CLANG_ANALYZER_NONNULL = YES;
				CLANG_ANALYZER_NUMBER_OBJECT_CONVERSION = YES_AGGRESSIVE;
				CLANG_CXX_LANGUAGE_STANDARD = "gnu++14";
				CLANG_CXX_LIBRARY = "libc++";
				CLANG_ENABLE_MODULES = YES;
				CLANG_ENABLE_OBJC_ARC = YES;
				CLANG_ENABLE_OBJC_WEAK = YES;
				CLANG_WARN_BLOCK_CAPTURE_AUTORELEASING = YES;
				CLANG_WARN_BOOL_CONVERSION = YES;
				CLANG_WARN_COMMA = YES;
				CLANG_WARN_CONSTANT_CONVERSION = YES;
				CLANG_WARN_DEPRECATED_OBJC_IMPLEMENTATIONS = YES;
				CLANG_WARN_DIRECT_OBJC_ISA_USAGE = YES_ERROR;
				CLANG_WARN_DOCUMENTATION_COMMENTS = YES;
				CLANG_WARN_EMPTY_BODY = YES;
				CLANG_WARN_ENUM_CONVERSION = YES;
				CLANG_WARN_INFINITE_RECURSION = YES;
				CLANG_WARN_INT_CONVERSION = YES;
				CLANG_WARN_NON_LITERAL_NULL_CONVERSION = YES;
				CLANG_WARN_OBJC_IMPLICIT_RETAIN_SELF = YES;
				CLANG_WARN_OBJC_LITERAL_CONVERSION = YES;
				CLANG_WARN_OBJC_ROOT_CLASS = YES_ERROR;
				CLANG_WARN_QUOTED_INCLUDE_IN_FRAMEWORK_HEADER = YES;
				CLANG_WARN_RANGE_LOOP_ANALYSIS = YES;
				CLANG_WARN_STRICT_PROTOTYPES = YES;
				CLANG_WARN_SUSPICIOUS_MOVE = YES;
				CLANG_WARN_UNGUARDED_AVAILABILITY = YES_AGGRESSIVE;
				CLANG_WARN_UNREACHABLE_CODE = YES;
				CLANG_WARN__DUPLICATE_METHOD_MATCH = YES;
				COPY_PHASE_STRIP = NO;
				DEBUG_INFORMATION_FORMAT = "dwarf-with-dsym";
				ENABLE_NS_ASSERTIONS = NO;
				ENABLE_STRICT_OBJC_MSGSEND = YES;
				GCC_C_LANGUAGE_STANDARD = gnu11;
				GCC_NO_COMMON_BLOCKS = YES;
				GCC_WARN_64_TO_32_BIT_CONVERSION = YES;
				GCC_WARN_ABOUT_RETURN_TYPE = YES_ERROR;
				GCC_WARN_UNDECLARED_SELECTOR = YES;
				GCC_WARN_UNINITIALIZED_AUTOS = YES_AGGRESSIVE;
				GCC_WARN_UNUSED_FUNCTION = YES;
				GCC_WARN_UNUSED_VARIABLE = YES;
				IPHONEOS_DEPLOYMENT_TARGET = 14.4;
				MTL_ENABLE_DEBUG_INFO = NO;
				MTL_FAST_MATH = YES;
				SDKROOT = iphoneos;
				SWIFT_COMPILATION_MODE = wholemodule;
				SWIFT_OPTIMIZATION_LEVEL = "-O";
				VALIDATE_PRODUCT = YES;
			};
			name = Release;
		};
		941942932832A0F9006352E0 /* Debug */ = {
			isa = XCBuildConfiguration;
			buildSettings = {
				ASSETCATALOG_COMPILER_APPICON_NAME = AppIcon;
				ASSETCATALOG_COMPILER_GLOBAL_ACCENT_COLOR_NAME = AccentColor;
				CODE_SIGN_STYLE = Automatic;
				INFOPLIST_FILE = Storyboard/Info.plist;
				LD_RUNPATH_SEARCH_PATHS = (
					"$(inherited)",
					"@executable_path/Frameworks",
				);
				PRODUCT_BUNDLE_IDENTIFIER = "Nam-Yeonjeong.Storyboard";
				PRODUCT_NAME = "$(TARGET_NAME)";
				SWIFT_VERSION = 5.0;
				TARGETED_DEVICE_FAMILY = "1,2";
			};
			name = Debug;
		};
		941942942832A0F9006352E0 /* Release */ = {
			isa = XCBuildConfiguration;
			buildSettings = {
				ASSETCATALOG_COMPILER_APPICON_NAME = AppIcon;
				ASSETCATALOG_COMPILER_GLOBAL_ACCENT_COLOR_NAME = AccentColor;
				CODE_SIGN_STYLE = Automatic;
				INFOPLIST_FILE = Storyboard/Info.plist;
				LD_RUNPATH_SEARCH_PATHS = (
					"$(inherited)",
					"@executable_path/Frameworks",
				);
				PRODUCT_BUNDLE_IDENTIFIER = "Nam-Yeonjeong.Storyboard";
				PRODUCT_NAME = "$(TARGET_NAME)";
				SWIFT_VERSION = 5.0;
				TARGETED_DEVICE_FAMILY = "1,2";
			};
			name = Release;
		};
		941942962832A0F9006352E0 /* Debug */ = {
			isa = XCBuildConfiguration;
			buildSettings = {
				ALWAYS_EMBED_SWIFT_STANDARD_LIBRARIES = YES;
				BUNDLE_LOADER = "$(TEST_HOST)";
				CODE_SIGN_STYLE = Automatic;
				INFOPLIST_FILE = StoryboardTests/Info.plist;
				IPHONEOS_DEPLOYMENT_TARGET = 14.4;
				LD_RUNPATH_SEARCH_PATHS = (
					"$(inherited)",
					"@executable_path/Frameworks",
					"@loader_path/Frameworks",
				);
				PRODUCT_BUNDLE_IDENTIFIER = "Nam-Yeonjeong.StoryboardTests";
				PRODUCT_NAME = "$(TARGET_NAME)";
				SWIFT_VERSION = 5.0;
				TARGETED_DEVICE_FAMILY = "1,2";
				TEST_HOST = "$(BUILT_PRODUCTS_DIR)/Storyboard.app/Storyboard";
			};
			name = Debug;
		};
		941942972832A0F9006352E0 /* Release */ = {
			isa = XCBuildConfiguration;
			buildSettings = {
				ALWAYS_EMBED_SWIFT_STANDARD_LIBRARIES = YES;
				BUNDLE_LOADER = "$(TEST_HOST)";
				CODE_SIGN_STYLE = Automatic;
				INFOPLIST_FILE = StoryboardTests/Info.plist;
				IPHONEOS_DEPLOYMENT_TARGET = 14.4;
				LD_RUNPATH_SEARCH_PATHS = (
					"$(inherited)",
					"@executable_path/Frameworks",
					"@loader_path/Frameworks",
				);
				PRODUCT_BUNDLE_IDENTIFIER = "Nam-Yeonjeong.StoryboardTests";
				PRODUCT_NAME = "$(TARGET_NAME)";
				SWIFT_VERSION = 5.0;
				TARGETED_DEVICE_FAMILY = "1,2";
				TEST_HOST = "$(BUILT_PRODUCTS_DIR)/Storyboard.app/Storyboard";
			};
			name = Release;
		};
		941942992832A0F9006352E0 /* Debug */ = {
			isa = XCBuildConfiguration;
			buildSettings = {
				ALWAYS_EMBED_SWIFT_STANDARD_LIBRARIES = YES;
				CODE_SIGN_STYLE = Automatic;
				INFOPLIST_FILE = StoryboardUITests/Info.plist;
				LD_RUNPATH_SEARCH_PATHS = (
					"$(inherited)",
					"@executable_path/Frameworks",
					"@loader_path/Frameworks",
				);
				PRODUCT_BUNDLE_IDENTIFIER = "Nam-Yeonjeong.StoryboardUITests";
				PRODUCT_NAME = "$(TARGET_NAME)";
				SWIFT_VERSION = 5.0;
				TARGETED_DEVICE_FAMILY = "1,2";
				TEST_TARGET_NAME = Storyboard;
			};
			name = Debug;
		};
		9419429A2832A0F9006352E0 /* Release */ = {
			isa = XCBuildConfiguration;
			buildSettings = {
				ALWAYS_EMBED_SWIFT_STANDARD_LIBRARIES = YES;
				CODE_SIGN_STYLE = Automatic;
				INFOPLIST_FILE = StoryboardUITests/Info.plist;
				LD_RUNPATH_SEARCH_PATHS = (
					"$(inherited)",
					"@executable_path/Frameworks",
					"@loader_path/Frameworks",
				);
				PRODUCT_BUNDLE_IDENTIFIER = "Nam-Yeonjeong.StoryboardUITests";
				PRODUCT_NAME = "$(TARGET_NAME)";
				SWIFT_VERSION = 5.0;
				TARGETED_DEVICE_FAMILY = "1,2";
				TEST_TARGET_NAME = Storyboard;
			};
			name = Release;
		};
/* End XCBuildConfiguration section */

/* Begin XCConfigurationList section */
		941942632832A0F8006352E0 /* Build configuration list for PBXProject "Storyboard" */ = {
			isa = XCConfigurationList;
			buildConfigurations = (
				941942902832A0F9006352E0 /* Debug */,
				941942912832A0F9006352E0 /* Release */,
			);
			defaultConfigurationIsVisible = 0;
			defaultConfigurationName = Release;
		};
		941942922832A0F9006352E0 /* Build configuration list for PBXNativeTarget "Storyboard" */ = {
			isa = XCConfigurationList;
			buildConfigurations = (
				941942932832A0F9006352E0 /* Debug */,
				941942942832A0F9006352E0 /* Release */,
			);
			defaultConfigurationIsVisible = 0;
			defaultConfigurationName = Release;
		};
		941942952832A0F9006352E0 /* Build configuration list for PBXNativeTarget "StoryboardTests" */ = {
			isa = XCConfigurationList;
			buildConfigurations = (
				941942962832A0F9006352E0 /* Debug */,
				941942972832A0F9006352E0 /* Release */,
			);
			defaultConfigurationIsVisible = 0;
			defaultConfigurationName = Release;
		};
		941942982832A0F9006352E0 /* Build configuration list for PBXNativeTarget "StoryboardUITests" */ = {
			isa = XCConfigurationList;
			buildConfigurations = (
				941942992832A0F9006352E0 /* Debug */,
				9419429A2832A0F9006352E0 /* Release */,
			);
			defaultConfigurationIsVisible = 0;
			defaultConfigurationName = Release;
		};
/* End XCConfigurationList section */
	};
	rootObject = 941942602832A0F8006352E0 /* Project object */;
}
